
Microsoft Visual Studio Solution File, Format Version 12.00
# Visual Studio Version 17
VisualStudioVersion = 17.0.32112.339
MinimumVisualStudioVersion = 10.0.40219.1
Project("{FAE04EC0-301F-11D3-BF4B-00C04F79EFBC}") = "BookCollection_WPF", "BookCollection_WPF\BookCollection_WPF.csproj", "{261CB8C9-D888-48D1-9C2C-43C4A44452B2}"
EndProject
Project("{FAE04EC0-301F-11D3-BF4B-00C04F79EFBC}") = "BookCollection_ClassLib", "BookCollection_ClassLib\BookCollection_ClassLib.csproj", "{537D0E0E-563D-4AAD-A3F6-523CDF0F5993}"
EndProject
Project("{FAE04EC0-301F-11D3-BF4B-00C04F79EFBC}") = "BookCollection_API", "BookCollection_API\BookCollection_API.csproj", "{A8402FBC-8AD1-47EE-959D-738D060E1CE0}"
EndProject
Global
	GlobalSection(SolutionConfigurationPlatforms) = preSolution
		Debug|Any CPU = Debug|Any CPU
		Release|Any CPU = Release|Any CPU
	EndGlobalSection
	GlobalSection(ProjectConfigurationPlatforms) = postSolution
		{261CB8C9-D888-48D1-9C2C-43C4A44452B2}.Debug|Any CPU.ActiveCfg = Debug|Any CPU
		{261CB8C9-D888-48D1-9C2C-43C4A44452B2}.Debug|Any CPU.Build.0 = Debug|Any CPU
		{261CB8C9-D888-48D1-9C2C-43C4A44452B2}.Release|Any CPU.ActiveCfg = Release|Any CPU
		{261CB8C9-D888-48D1-9C2C-43C4A44452B2}.Release|Any CPU.Build.0 = Release|Any CPU
		{537D0E0E-563D-4AAD-A3F6-523CDF0F5993}.Debug|Any CPU.ActiveCfg = Debug|Any CPU
		{537D0E0E-563D-4AAD-A3F6-523CDF0F5993}.Debug|Any CPU.Build.0 = Debug|Any CPU
		{537D0E0E-563D-4AAD-A3F6-523CDF0F5993}.Release|Any CPU.ActiveCfg = Release|Any CPU
		{537D0E0E-563D-4AAD-A3F6-523CDF0F5993}.Release|Any CPU.Build.0 = Release|Any CPU
		{A8402FBC-8AD1-47EE-959D-738D060E1CE0}.Debug|Any CPU.ActiveCfg = Debug|Any CPU
		{A8402FBC-8AD1-47EE-959D-738D060E1CE0}.Debug|Any CPU.Build.0 = Debug|Any CPU
		{A8402FBC-8AD1-47EE-959D-738D060E1CE0}.Release|Any CPU.ActiveCfg = Release|Any CPU
		{A8402FBC-8AD1-47EE-959D-738D060E1CE0}.Release|Any CPU.Build.0 = Release|Any CPU
	EndGlobalSection
	GlobalSection(SolutionProperties) = preSolution
		HideSolutionNode = FALSE
	EndGlobalSection
	GlobalSection(ExtensibilityGlobals) = postSolution
		SolutionGuid = {1142F6EB-99DC-4C00-964E-675AE4D13BC8}
	EndGlobalSection
EndGlobal
